PODS:
  - Sourcery (2.1.7):
    - Sourcery/CLI-Only (= 2.1.7)
  - Sourcery/CLI-Only (2.1.7)

DEPENDENCIES:
  - Sourcery

SPEC REPOS:
  trunk:
    - Sourcery

SPEC CHECKSUMS:
  Sourcery: 56012f6689368ca6be2b7d862f49d88f35b83c9f

PODFILE CHECKSUM: f83d6d09208c92193f30d05de5af60d72b5019b4

COCOAPODS: 1.15.2
